
Microsoft Visual Studio Solution File, Format Version 12.00
# Visual Studio Version 17
VisualStudioVersion = 17.2.32630.192
MinimumVisualStudioVersion = 10.0.40219.1
Project("{9A19103F-16F7-4668-BE54-9A1E7A4F7556}") = "R5T.L0027.Construction", "R5T.L0027.Construction\R5T.L0027.Construction.csproj", "{2BFF4CFD-C672-4EA3-94A4-F4CE09D95489}"
EndProject
Project("{9A19103F-16F7-4668-BE54-9A1E7A4F7556}") = "R5T.L0027", "R5T.L0027\R5T.L0027.csproj", "{54C7D943-64FF-43F0-A360-101DD8D098B1}"
EndProject
Project("{2150E333-8FDC-42A3-9474-1A3956D46DE8}") = "_Dependencies", "_Dependencies", "{BB168DA8-7DBB-4CAB-99EB-5A7AC1313989}"
EndProject
Project("{9A19103F-16F7-4668-BE54-9A1E7A4F7556}") = "R5T.T0132", "..\..\R5T.T0132\source\R5T.T0132\R5T.T0132.csproj", "{D37AB97D-525F-496C-8964-735D25F09DA5}"
EndProject
Project("{9A19103F-16F7-4668-BE54-9A1E7A4F7556}") = "R5T.T0143", "..\..\R5T.T0143\source\R5T.T0143\R5T.T0143.csproj", "{8A7E561A-EFB3-49AE-8A67-6EEEB83FFAED}"
EndProject
Global
	GlobalSection(NestedProjects) = preSolution
		{D37AB97D-525F-496C-8964-735D25F09DA5} = {BB168DA8-7DBB-4CAB-99EB-5A7AC1313989}
		{8A7E561A-EFB3-49AE-8A67-6EEEB83FFAED} = {BB168DA8-7DBB-4CAB-99EB-5A7AC1313989}
	EndGlobalSection
	GlobalSection(SolutionConfigurationPlatforms) = preSolution
		Debug|Any CPU = Debug|Any CPU
		Release|Any CPU = Release|Any CPU
	EndGlobalSection
	GlobalSection(ProjectConfigurationPlatforms) = postSolution
		{2BFF4CFD-C672-4EA3-94A4-F4CE09D95489}.Debug|Any CPU.ActiveCfg = Debug|Any CPU
		{2BFF4CFD-C672-4EA3-94A4-F4CE09D95489}.Debug|Any CPU.Build.0 = Debug|Any CPU
		{2BFF4CFD-C672-4EA3-94A4-F4CE09D95489}.Release|Any CPU.ActiveCfg = Release|Any CPU
		{2BFF4CFD-C672-4EA3-94A4-F4CE09D95489}.Release|Any CPU.Build.0 = Release|Any CPU
		{54C7D943-64FF-43F0-A360-101DD8D098B1}.Debug|Any CPU.ActiveCfg = Debug|Any CPU
		{54C7D943-64FF-43F0-A360-101DD8D098B1}.Debug|Any CPU.Build.0 = Debug|Any CPU
		{54C7D943-64FF-43F0-A360-101DD8D098B1}.Release|Any CPU.ActiveCfg = Release|Any CPU
		{54C7D943-64FF-43F0-A360-101DD8D098B1}.Release|Any CPU.Build.0 = Release|Any CPU
		{D37AB97D-525F-496C-8964-735D25F09DA5}.Debug|Any CPU.ActiveCfg = Debug|Any CPU
		{D37AB97D-525F-496C-8964-735D25F09DA5}.Debug|Any CPU.Build.0 = Debug|Any CPU
		{D37AB97D-525F-496C-8964-735D25F09DA5}.Release|Any CPU.ActiveCfg = Release|Any CPU
		{D37AB97D-525F-496C-8964-735D25F09DA5}.Release|Any CPU.Build.0 = Release|Any CPU
		{8A7E561A-EFB3-49AE-8A67-6EEEB83FFAED}.Debug|Any CPU.ActiveCfg = Debug|Any CPU
		{8A7E561A-EFB3-49AE-8A67-6EEEB83FFAED}.Debug|Any CPU.Build.0 = Debug|Any CPU
		{8A7E561A-EFB3-49AE-8A67-6EEEB83FFAED}.Release|Any CPU.ActiveCfg = Release|Any CPU
		{8A7E561A-EFB3-49AE-8A67-6EEEB83FFAED}.Release|Any CPU.Build.0 = Release|Any CPU
	EndGlobalSection
	GlobalSection(SolutionProperties) = preSolution
		HideSolutionNode = FALSE
	EndGlobalSection
	GlobalSection(ExtensibilityGlobals) = postSolution
		SolutionGuid = {49DAF93F-C604-46A3-96AA-620357C5BD8C}
	EndGlobalSection
EndGlobal
